{
  "nodes": {
    "ags": {
      "inputs": {
        "astal": "astal",
        "nixpkgs": [
          "hyprpanel",
          "nixpkgs"
        ]
      },
      "locked": {
        "lastModified": 1736090999,
        "narHash": "sha256-B5CJuHqfJrzPa7tObK0H9669/EClSHpa/P7B9EuvElU=",
        "owner": "aylur",
        "repo": "ags",
        "rev": "5527c3c07d92c11e04e7fd99d58429493dba7e3c",
        "type": "github"
      },
      "original": {
        "owner": "aylur",
        "repo": "ags",
        "type": "github"
      }
    },
    "astal": {
      "inputs": {
        "nixpkgs": [
          "hyprpanel",
          "ags",
          "nixpkgs"
        ]
      },
      "locked": {
        "lastModified": 1735172721,
        "narHash": "sha256-rtEAwGsHSppnkR3Qg3eRJ6Xh/F84IY9CrBBLzYabalY=",
        "owner": "aylur",
        "repo": "astal",
        "rev": "6c84b64efc736e039a8a10774a4a1bf772c37aa2",
        "type": "github"
      },
      "original": {
        "owner": "aylur",
        "repo": "astal",
        "type": "github"
      }
    },
    "home-manager": {
      "inputs": {
        "nixpkgs": [
          "nixpkgs"
        ]
      },
      "locked": {
        "lastModified": 1744380363,
        "narHash": "sha256-cXjAUuAfQDPSLSsckZuTioQ986iqSPTzx8D7dLAcC+Q=",
        "owner": "nix-community",
        "repo": "home-manager",
        "rev": "e43c6bcb101ba3301522439c459288c4a248f624",
        "type": "github"
      },
      "original": {
        "owner": "nix-community",
        "repo": "home-manager",
        "type": "github"
      }
    },
    "hyprpanel": {
      "inputs": {
        "ags": "ags",
        "nixpkgs": [
          "nixpkgs"
        ]
      },
      "locked": {
        "lastModified": 1744259355,
        "narHash": "sha256-gykRJw309t5NLuYXzWw9WhJFKTc4OASmc16M9jD/Vpw=",
        "owner": "jas-singhfsu",
        "repo": "hyprpanel",
        "rev": "1d4d2dcc20ebd707d5e45c7e357acc1267a498d7",
        "type": "github"
      },
      "original": {
        "owner": "jas-singhfsu",
        "repo": "hyprpanel",
        "type": "github"
      }
    },
    "nixpkgs": {
      "locked": {
        "lastModified": 1744232761,
        "narHash": "sha256-gbl9hE39nQRpZaLjhWKmEu5ejtQsgI5TWYrIVVJn30U=",
        "owner": "NixOS",
        "repo": "nixpkgs",
        "rev": "f675531bc7e6657c10a18b565cfebd8aa9e24c14",
        "type": "github"
      },
      "original": {
        "owner": "NixOS",
        "ref": "nixos-unstable",
        "repo": "nixpkgs",
        "type": "github"
      }
    },
    "root": {
      "inputs": {
        "home-manager": "home-manager",
        "hyprpanel": "hyprpanel",
        "nixpkgs": "nixpkgs"
      }
    }
  },
  "root": "root",
  "version": 7
}
